
Microsoft Visual Studio Solution File, Format Version 12.00
# Visual Studio Version 16
VisualStudioVersion = 16.0.29920.165
MinimumVisualStudioVersion = 10.0.40219.1
Project("{FAE04EC0-301F-11D3-BF4B-00C04F79EFBC}") = "CSDL Connection", "CSDL Connection\CSDL Connection.csproj", "{C9DDE068-0EDC-41CE-AC80-4C6EE9C22796}"
EndProject
Global
	GlobalSection(SolutionConfigurationPlatforms) = preSolution
		Debug|Any CPU = Debug|Any CPU
		Release|Any CPU = Release|Any CPU
	EndGlobalSection
	GlobalSection(ProjectConfigurationPlatforms) = postSolution
		{C9DDE068-0EDC-41CE-AC80-4C6EE9C22796}.Debug|Any CPU.ActiveCfg = Debug|Any CPU
		{C9DDE068-0EDC-41CE-AC80-4C6EE9C22796}.Debug|Any CPU.Build.0 = Debug|Any CPU
		{C9DDE068-0EDC-41CE-AC80-4C6EE9C22796}.Release|Any CPU.ActiveCfg = Release|Any CPU
		{C9DDE068-0EDC-41CE-AC80-4C6EE9C22796}.Release|Any CPU.Build.0 = Release|Any CPU
	EndGlobalSection
	GlobalSection(SolutionProperties) = preSolution
		HideSolutionNode = FALSE
	EndGlobalSection
	GlobalSection(ExtensibilityGlobals) = postSolution
		SolutionGuid = {53D90897-23B9-4564-8D6A-60DBE8B6C7EC}
	EndGlobalSection
EndGlobal
